PODS:
  - Flutter (1.0.0)
  - flutter_toast (0.0.1):
    - Flutter

DEPENDENCIES:
  - Flutter (from `Flutter`)
  - flutter_toast (from `.symlinks/plugins/flutter_toast/ios`)

EXTERNAL SOURCES:
  Flutter:
    :path: Flutter
  flutter_toast:
    :path: ".symlinks/plugins/flutter_toast/ios"

SPEC CHECKSUMS:
  Flutter: 50d75fe2f02b26cc09d224853bb45737f8b3214a
  flutter_toast: 51e1d71ec43c9a50632e3bfaa89b6302895a8dcc

PODFILE CHECKSUM: a75497545d4391e2d394c3668e20cfb1c2bbd4aa

COCOAPODS: 1.11.2
